
Microsoft Visual Studio Solution File, Format Version 12.00
# Visual Studio Version 17
VisualStudioVersion = 17.0.31903.59
MinimumVisualStudioVersion = 10.0.40219.1
Project("{FAE04EC0-301F-11D3-BF4B-00C04F79EFBC}") = "VNLabel.Core", "VNLabel.Core\VNLabel.Core.csproj", "{D430FCD8-57C7-463E-8DDA-F6E328A4E142}"
EndProject
Project("{FAE04EC0-301F-11D3-BF4B-00C04F79EFBC}") = "VNLabel.Infrastructure", "VNLabel.Infrastructure\VNLabel.Infrastructure.csproj", "{C61B1032-557D-41E1-8CCE-181DA67A75A6}"
EndProject
Project("{FAE04EC0-301F-11D3-BF4B-00C04F79EFBC}") = "VNLabel.Api", "VNLabel.Api\VNLabel.Api.csproj", "{E3BA544A-371D-4988-9D13-5082A581A3F2}"
EndProject
Global
	GlobalSection(SolutionConfigurationPlatforms) = preSolution
		Debug|Any CPU = Debug|Any CPU
		Release|Any CPU = Release|Any CPU
	EndGlobalSection
	GlobalSection(SolutionProperties) = preSolution
		HideSolutionNode = FALSE
	EndGlobalSection
	GlobalSection(ProjectConfigurationPlatforms) = postSolution
		{D430FCD8-57C7-463E-8DDA-F6E328A4E142}.Debug|Any CPU.ActiveCfg = Debug|Any CPU
		{D430FCD8-57C7-463E-8DDA-F6E328A4E142}.Debug|Any CPU.Build.0 = Debug|Any CPU
		{D430FCD8-57C7-463E-8DDA-F6E328A4E142}.Release|Any CPU.ActiveCfg = Release|Any CPU
		{D430FCD8-57C7-463E-8DDA-F6E328A4E142}.Release|Any CPU.Build.0 = Release|Any CPU
		{C61B1032-557D-41E1-8CCE-181DA67A75A6}.Debug|Any CPU.ActiveCfg = Debug|Any CPU
		{C61B1032-557D-41E1-8CCE-181DA67A75A6}.Debug|Any CPU.Build.0 = Debug|Any CPU
		{C61B1032-557D-41E1-8CCE-181DA67A75A6}.Release|Any CPU.ActiveCfg = Release|Any CPU
		{C61B1032-557D-41E1-8CCE-181DA67A75A6}.Release|Any CPU.Build.0 = Release|Any CPU
		{E3BA544A-371D-4988-9D13-5082A581A3F2}.Debug|Any CPU.ActiveCfg = Debug|Any CPU
		{E3BA544A-371D-4988-9D13-5082A581A3F2}.Debug|Any CPU.Build.0 = Debug|Any CPU
		{E3BA544A-371D-4988-9D13-5082A581A3F2}.Release|Any CPU.ActiveCfg = Release|Any CPU
		{E3BA544A-371D-4988-9D13-5082A581A3F2}.Release|Any CPU.Build.0 = Release|Any CPU
	EndGlobalSection
EndGlobal
